// !$*UTF8*$!
{
	archiveVersion = 1;
	classes = {
	};
	objectVersion = 77;
	objects = {

/* Begin PBXContainerItemProxy section */
		E804CA652CE6E44800C3771A /* PBXContainerItemProxy */ = {
			isa = PBXContainerItemProxy;
			containerPortal = E804CA4C2CE6E44700C3771A /* Project object */;
			proxyType = 1;
			remoteGlobalIDString = E804CA532CE6E44700C3771A;
			remoteInfo = SupplementMe;
		};
		E804CA6F2CE6E44800C3771A /* PBXContainerItemProxy */ = {
			isa = PBXContainerItemProxy;
			containerPortal = E804CA4C2CE6E44700C3771A /* Project object */;
			proxyType = 1;
			remoteGlobalIDString = E804CA532CE6E44700C3771A;
			remoteInfo = SupplementMe;
		};
/* End PBXContainerItemProxy section */

/* Begin PBXFileReference section */
		E804CA542CE6E44700C3771A /* SupplementMe.app */ = {isa = PBXFileReference; explicitFileType = wrapper.application; includeInIndex = 0; path = SupplementMe.app; sourceTree = BUILT_PRODUCTS_DIR; };
		E804CA642CE6E44800C3771A /* SupplementMeTests.xctest */ = {isa = PBXFileReference; explicitFileType = wrapper.cfbundle; includeInIndex = 0; path = SupplementMeTests.xctest; sourceTree = BUILT_PRODUCTS_DIR; };
		E804CA6E2CE6E44800C3771A /* SupplementMeUITests.xctest */ = {isa = PBXFileReference; explicitFileType = wrapper.cfbundle; includeInIndex = 0; path = SupplementMeUITests.xctest; sourceTree = BUILT_PRODUCTS_DIR; };
/* End PBXFileReference section */

/* Begin PBXFileSystemSynchronizedRootGroup section */
		E804CA562CE6E44700C3771A /* SupplementMe */ = {
			isa = PBXFileSystemSynchronizedRootGroup;
			path = SupplementMe;
			sourceTree = "<group>";
		};
		E804CA672CE6E44800C3771A /* SupplementMeTests */ = {
			isa = PBXFileSystemSynchronizedRootGroup;
			path = SupplementMeTests;
			sourceTree = "<group>";
		};
		E804CA712CE6E44800C3771A /* SupplementMeUITests */ = {
			isa = PBXFileSystemSynchronizedRootGroup;
			path = SupplementMeUITests;
			sourceTree = "<group>";
		};
/* End PBXFileSystemSynchronizedRootGroup section */

/* Begin PBXFrameworksBuildPhase section */
		E804CA512CE6E44700C3771A /* Frameworks */ = {
			isa = PBXFrameworksBuildPhase;
			buildActionMask = 2147483647;
			files = (
			);
			runOnlyForDeploymentPostprocessing = 0;
		};
		E804CA612CE6E44800C3771A /* Frameworks */ = {
			isa = PBXFrameworksBuildPhase;
			buildActionMask = 2147483647;
			files = (
			);
			runOnlyForDeploymentPostprocessing = 0;
		};
		E804CA6B2CE6E44800C3771A /* Frameworks */ = {
			isa = PBXFrameworksBuildPhase;
			buildActionMask = 2147483647;
			files = (
			);
			runOnlyForDeploymentPostprocessing = 0;
		};
/* End PBXFrameworksBuildPhase section */

/* Begin PBXGroup section */
		E804CA4B2CE6E44700C3771A = {
			isa = PBXGroup;
			children = (
				E804CA562CE6E44700C3771A /* SupplementMe */,
				E804CA672CE6E44800C3771A /* SupplementMeTests */,
				E804CA712CE6E44800C3771A /* SupplementMeUITests */,
				E804CA552CE6E44700C3771A /* Products */,
			);
			sourceTree = "<group>";
		};
		E804CA552CE6E44700C3771A /* Products */ = {
			isa = PBXGroup;
			children = (
				E804CA542CE6E44700C3771A /* SupplementMe.app */,
				E804CA642CE6E44800C3771A /* SupplementMeTests.xctest */,
				E804CA6E2CE6E44800C3771A /* SupplementMeUITests.xctest */,
			);
			name = Products;
			sourceTree = "<group>";
		};
/* End PBXGroup section */

/* Begin PBXNativeTarget section */
		E804CA532CE6E44700C3771A /* SupplementMe */ = {
			isa = PBXNativeTarget;
			buildConfigurationList = E804CA782CE6E44800C3771A /* Build configuration list for PBXNativeTarget "SupplementMe" */;
			buildPhases = (
				E804CA502CE6E44700C3771A /* Sources */,
				E804CA512CE6E44700C3771A /* Frameworks */,
				E804CA522CE6E44700C3771A /* Resources */,
			);
			buildRules = (
			);
			dependencies = (
			);
			fileSystemSynchronizedGroups = (
				E804CA562CE6E44700C3771A /* SupplementMe */,
			);
			name = SupplementMe;
			packageProductDependencies = (
			);
			productName = SupplementMe;
			productReference = E804CA542CE6E44700C3771A /* SupplementMe.app */;
			productType = "com.apple.product-type.application";
		};
		E804CA632CE6E44800C3771A /* SupplementMeTests */ = {
			isa = PBXNativeTarget;
			buildConfigurationList = E804CA7B2CE6E44800C3771A /* Build configuration list for PBXNativeTarget "SupplementMeTests" */;
			buildPhases = (
				E804CA602CE6E44800C3771A /* Sources */,
				E804CA612CE6E44800C3771A /* Frameworks */,
				E804CA622CE6E44800C3771A /* Resources */,
			);
			buildRules = (
			);
			dependencies = (
				E804CA662CE6E44800C3771A /* PBXTargetDependency */,
			);
			fileSystemSynchronizedGroups = (
				E804CA672CE6E44800C3771A /* SupplementMeTests */,
			);
			name = SupplementMeTests;
			packageProductDependencies = (
			);
			productName = SupplementMeTests;
			productReference = E804CA642CE6E44800C3771A /* SupplementMeTests.xctest */;
			productType = "com.apple.product-type.bundle.unit-test";
		};
		E804CA6D2CE6E44800C3771A /* SupplementMeUITests */ = {
			isa = PBXNativeTarget;
			buildConfigurationList = E804CA7E2CE6E44800C3771A /* Build configuration list for PBXNativeTarget "SupplementMeUITests" */;
			buildPhases = (
				E804CA6A2CE6E44800C3771A /* Sources */,
				E804CA6B2CE6E44800C3771A /* Frameworks */,
				E804CA6C2CE6E44800C3771A /* Resources */,
			);
			buildRules = (
			);
			dependencies = (
				E804CA702CE6E44800C3771A /* PBXTargetDependency */,
			);
			fileSystemSynchronizedGroups = (
				E804CA712CE6E44800C3771A /* SupplementMeUITests */,
			);
			name = SupplementMeUITests;
			packageProductDependencies = (
			);
			productName = SupplementMeUITests;
			productReference = E804CA6E2CE6E44800C3771A /* SupplementMeUITests.xctest */;
			productType = "com.apple.product-type.bundle.ui-testing";
		};
/* End PBXNativeTarget section */

/* Begin PBXProject section */
		E804CA4C2CE6E44700C3771A /* Project object */ = {
			isa = PBXProject;
			attributes = {
				BuildIndependentTargetsInParallel = 1;
				LastSwiftUpdateCheck = 1600;
				LastUpgradeCheck = 1600;
				TargetAttributes = {
					E804CA532CE6E44700C3771A = {
						CreatedOnToolsVersion = 16.0;
					};
					E804CA632CE6E44800C3771A = {
						CreatedOnToolsVersion = 16.0;
						TestTargetID = E804CA532CE6E44700C3771A;
					};
					E804CA6D2CE6E44800C3771A = {
						CreatedOnToolsVersion = 16.0;
						TestTargetID = E804CA532CE6E44700C3771A;
					};
				};
			};
			buildConfigurationList = E804CA4F2CE6E44700C3771A /* Build configuration list for PBXProject "SupplementMe" */;
			developmentRegion = en;
			hasScannedForEncodings = 0;
			knownRegions = (
				en,
				Base,
			);
			mainGroup = E804CA4B2CE6E44700C3771A;
			minimizedProjectReferenceProxies = 1;
			preferredProjectObjectVersion = 77;
			productRefGroup = E804CA552CE6E44700C3771A /* Products */;
			projectDirPath = "";
			projectRoot = "";
			targets = (
				E804CA532CE6E44700C3771A /* SupplementMe */,
				E804CA632CE6E44800C3771A /* SupplementMeTests */,
				E804CA6D2CE6E44800C3771A /* SupplementMeUITests */,
			);
		};
/* End PBXProject section */

/* Begin PBXResourcesBuildPhase section */
		E804CA522CE6E44700C3771A /* Resources */ = {
			isa = PBXResourcesBuildPhase;
			buildActionMask = 2147483647;
			files = (
			);
			runOnlyForDeploymentPostprocessing = 0;
		};
		E804CA622CE6E44800C3771A /* Resources */ = {
			isa = PBXResourcesBuildPhase;
			buildActionMask = 2147483647;
			files = (
			);
			runOnlyForDeploymentPostprocessing = 0;
		};
		E804CA6C2CE6E44800C3771A /* Resources */ = {
			isa = PBXResourcesBuildPhase;
			buildActionMask = 2147483647;
			files = (
			);
			runOnlyForDeploymentPostprocessing = 0;
		};
/* End PBXResourcesBuildPhase section */

/* Begin PBXSourcesBuildPhase section */
		E804CA502CE6E44700C3771A /* Sources */ = {
			isa = PBXSourcesBuildPhase;
			buildActionMask = 2147483647;
			files = (
			);
			runOnlyForDeploymentPostprocessing = 0;
		};
		E804CA602CE6E44800C3771A /* Sources */ = {
			isa = PBXSourcesBuildPhase;
			buildActionMask = 2147483647;
			files = (
			);
			runOnlyForDeploymentPostprocessing = 0;
		};
		E804CA6A2CE6E44800C3771A /* Sources */ = {
			isa = PBXSourcesBuildPhase;
			buildActionMask = 2147483647;
			files = (
			);
			runOnlyForDeploymentPostprocessing = 0;
		};
/* End PBXSourcesBuildPhase section */

/* Begin PBXTargetDependency section */
		E804CA662CE6E44800C3771A /* PBXTargetDependency */ = {
			isa = PBXTargetDependency;
			target = E804CA532CE6E44700C3771A /* SupplementMe */;
			targetProxy = E804CA652CE6E44800C3771A /* PBXContainerItemProxy */;
		};
		E804CA702CE6E44800C3771A /* PBXTargetDependency */ = {
			isa = PBXTargetDependency;
			target = E804CA532CE6E44700C3771A /* SupplementMe */;
			targetProxy = E804CA6F2CE6E44800C3771A /* PBXContainerItemProxy */;
		};
/* End PBXTargetDependency section */

/* Begin XCBuildConfiguration section */
		E804CA762CE6E44800C3771A /* Debug */ = {
			isa = XCBuildConfiguration;
			buildSettings = {
				ALWAYS_SEARCH_USER_PATHS = NO;
				ASSETCATALOG_COMPILER_GENERATE_SWIFT_ASSET_SYMBOL_EXTENSIONS = YES;
				CLANG_ANALYZER_NONNULL = YES;
				CLANG_ANALYZER_NUMBER_OBJECT_CONVERSION = YES_AGGRESSIVE;
				CLANG_CXX_LANGUAGE_STANDARD = "gnu++20";
				CLANG_ENABLE_MODULES = YES;
				CLANG_ENABLE_OBJC_ARC = YES;
				CLANG_ENABLE_OBJC_WEAK = YES;
				CLANG_WARN_BLOCK_CAPTURE_AUTORELEASING = YES;
				CLANG_WARN_BOOL_CONVERSION = YES;
				CLANG_WARN_COMMA = YES;
				CLANG_WARN_CONSTANT_CONVERSION = YES;
				CLANG_WARN_DEPRECATED_OBJC_IMPLEMENTATIONS = YES;
				CLANG_WARN_DIRECT_OBJC_ISA_USAGE = YES_ERROR;
				CLANG_WARN_DOCUMENTATION_COMMENTS = YES;
				CLANG_WARN_EMPTY_BODY = YES;
				CLANG_WARN_ENUM_CONVERSION = YES;
				CLANG_WARN_INFINITE_RECURSION = YES;
				CLANG_WARN_INT_CONVERSION = YES;
				CLANG_WARN_NON_LITERAL_NULL_CONVERSION = YES;
				CLANG_WARN_OBJC_IMPLICIT_RETAIN_SELF = YES;
				CLANG_WARN_OBJC_LITERAL_CONVERSION = YES;
				CLANG_WARN_OBJC_ROOT_CLASS = YES_ERROR;
				CLANG_WARN_QUOTED_INCLUDE_IN_FRAMEWORK_HEADER = YES;
				CLANG_WARN_RANGE_LOOP_ANALYSIS = YES;
				CLANG_WARN_STRICT_PROTOTYPES = YES;
				CLANG_WARN_SUSPICIOUS_MOVE = YES;
				CLANG_WARN_UNGUARDED_AVAILABILITY = YES_AGGRESSIVE;
				CLANG_WARN_UNREACHABLE_CODE = YES;
				CLANG_WARN__DUPLICATE_METHOD_MATCH = YES;
				COPY_PHASE_STRIP = NO;
				DEBUG_INFORMATION_FORMAT = dwarf;
				ENABLE_STRICT_OBJC_MSGSEND = YES;
				ENABLE_TESTABILITY = YES;
				ENABLE_USER_SCRIPT_SANDBOXING = YES;
				GCC_C_LANGUAGE_STANDARD = gnu17;
				GCC_DYNAMIC_NO_PIC = NO;
				GCC_NO_COMMON_BLOCKS = YES;
				GCC_OPTIMIZATION_LEVEL = 0;
				GCC_PREPROCESSOR_DEFINITIONS = (
					"DEBUG=1",
					"$(inherited)",
				);
				GCC_WARN_64_TO_32_BIT_CONVERSION = YES;
				GCC_WARN_ABOUT_RETURN_TYPE = YES_ERROR;
				GCC_WARN_UNDECLARED_SELECTOR = YES;
				GCC_WARN_UNINITIALIZED_AUTOS = YES_AGGRESSIVE;
				GCC_WARN_UNUSED_FUNCTION = YES;
				GCC_WARN_UNUSED_VARIABLE = YES;
				IPHONEOS_DEPLOYMENT_TARGET = 18.0;
				LOCALIZATION_PREFERS_STRING_CATALOGS = YES;
				MTL_ENABLE_DEBUG_INFO = INCLUDE_SOURCE;
				MTL_FAST_MATH = YES;
				ONLY_ACTIVE_ARCH = YES;
				SDKROOT = iphoneos;
				SWIFT_ACTIVE_COMPILATION_CONDITIONS = "DEBUG $(inherited)";
				SWIFT_OPTIMIZATION_LEVEL = "-Onone";
			};
			name = Debug;
		};
		E804CA772CE6E44800C3771A /* Release */ = {
			isa = XCBuildConfiguration;
			buildSettings = {
				ALWAYS_SEARCH_USER_PATHS = NO;
				ASSETCATALOG_COMPILER_GENERATE_SWIFT_ASSET_SYMBOL_EXTENSIONS = YES;
				CLANG_ANALYZER_NONNULL = YES;
				CLANG_ANALYZER_NUMBER_OBJECT_CONVERSION = YES_AGGRESSIVE;
				CLANG_CXX_LANGUAGE_STANDARD = "gnu++20";
				CLANG_ENABLE_MODULES = YES;
				CLANG_ENABLE_OBJC_ARC = YES;
				CLANG_ENABLE_OBJC_WEAK = YES;
				CLANG_WARN_BLOCK_CAPTURE_AUTORELEASING = YES;
				CLANG_WARN_BOOL_CONVERSION = YES;
				CLANG_WARN_COMMA = YES;
				CLANG_WARN_CONSTANT_CONVERSION = YES;
				CLANG_WARN_DEPRECATED_OBJC_IMPLEMENTATIONS = YES;
				CLANG_WARN_DIRECT_OBJC_ISA_USAGE = YES_ERROR;
				CLANG_WARN_DOCUMENTATION_COMMENTS = YES;
				CLANG_WARN_EMPTY_BODY = YES;
				CLANG_WARN_ENUM_CONVERSION = YES;
				CLANG_WARN_INFINITE_RECURSION = YES;
				CLANG_WARN_INT_CONVERSION = YES;
				CLANG_WARN_NON_LITERAL_NULL_CONVERSION = YES;
				CLANG_WARN_OBJC_IMPLICIT_RETAIN_SELF = YES;
				CLANG_WARN_OBJC_LITERAL_CONVERSION = YES;
				CLANG_WARN_OBJC_ROOT_CLASS = YES_ERROR;
				CLANG_WARN_QUOTED_INCLUDE_IN_FRAMEWORK_HEADER = YES;
				CLANG_WARN_RANGE_LOOP_ANALYSIS = YES;
				CLANG_WARN_STRICT_PROTOTYPES = YES;
				CLANG_WARN_SUSPICIOUS_MOVE = YES;
				CLANG_WARN_UNGUARDED_AVAILABILITY = YES_AGGRESSIVE;
				CLANG_WARN_UNREACHABLE_CODE = YES;
				CLANG_WARN__DUPLICATE_METHOD_MATCH = YES;
				COPY_PHASE_STRIP = NO;
				DEBUG_INFORMATION_FORMAT = "dwarf-with-dsym";
				ENABLE_NS_ASSERTIONS = NO;
				ENABLE_STRICT_OBJC_MSGSEND = YES;
				ENABLE_USER_SCRIPT_SANDBOXING = YES;
				GCC_C_LANGUAGE_STANDARD = gnu17;
				GCC_NO_COMMON_BLOCKS = YES;
				GCC_WARN_64_TO_32_BIT_CONVERSION = YES;
				GCC_WARN_ABOUT_RETURN_TYPE = YES_ERROR;
				GCC_WARN_UNDECLARED_SELECTOR = YES;
				GCC_WARN_UNINITIALIZED_AUTOS = YES_AGGRESSIVE;
				GCC_WARN_UNUSED_FUNCTION = YES;
				GCC_WARN_UNUSED_VARIABLE = YES;
				IPHONEOS_DEPLOYMENT_TARGET = 18.0;
				LOCALIZATION_PREFERS_STRING_CATALOGS = YES;
				MTL_ENABLE_DEBUG_INFO = NO;
				MTL_FAST_MATH = YES;
				SDKROOT = iphoneos;
				SWIFT_COMPILATION_MODE = wholemodule;
				VALIDATE_PRODUCT = YES;
			};
			name = Release;
		};
		E804CA792CE6E44800C3771A /* Debug */ = {
			isa = XCBuildConfiguration;
			buildSettings = {
				ASSETCATALOG_COMPILER_APPICON_NAME = AppIcon;
				ASSETCATALOG_COMPILER_GLOBAL_ACCENT_COLOR_NAME = AccentColor;
				CODE_SIGN_STYLE = Automatic;
				CURRENT_PROJECT_VERSION = 1;
				DEVELOPMENT_ASSET_PATHS = "\"SupplementMe/Preview Content\"";
				ENABLE_PREVIEWS = YES;
				GENERATE_INFOPLIST_FILE = YES;
				INFOPLIST_KEY_UIApplicationSceneManifest_Generation = YES;
				INFOPLIST_KEY_UIApplicationSupportsIndirectInputEvents = YES;
				INFOPLIST_KEY_UILaunchScreen_Generation = YES;
				INFOPLIST_KEY_UISupportedInterfaceOrientations_iPad = "UIInterfaceOrientationPortrait UIInterfaceOrientationPortraitUpsideDown UIInterfaceOrientationLandscapeLeft UIInterfaceOrientationLandscapeRight";
				INFOPLIST_KEY_UISupportedInterfaceOrientations_iPhone = "UIInterfaceOrientationPortrait UIInterfaceOrientationLandscapeLeft UIInterfaceOrientationLandscapeRight";
				LD_RUNPATH_SEARCH_PATHS = (
					"$(inherited)",
					"@executable_path/Frameworks",
				);
				MARKETING_VERSION = 1.0;
				PRODUCT_BUNDLE_IDENTIFIER = noidentifier.SupplementMe;
				PRODUCT_NAME = "$(TARGET_NAME)";
				SWIFT_EMIT_LOC_STRINGS = YES;
				SWIFT_VERSION = 5.0;
				TARGETED_DEVICE_FAMILY = "1,2";
			};
			name = Debug;
		};
		E804CA7A2CE6E44800C3771A /* Release */ = {
			isa = XCBuildConfiguration;
			buildSettings = {
				ASSETCATALOG_COMPILER_APPICON_NAME = AppIcon;
				ASSETCATALOG_COMPILER_GLOBAL_ACCENT_COLOR_NAME = AccentColor;
				CODE_SIGN_STYLE = Automatic;
				CURRENT_PROJECT_VERSION = 1;
				DEVELOPMENT_ASSET_PATHS = "\"SupplementMe/Preview Content\"";
				ENABLE_PREVIEWS = YES;
				GENERATE_INFOPLIST_FILE = YES;
				INFOPLIST_KEY_UIApplicationSceneManifest_Generation = YES;
				INFOPLIST_KEY_UIApplicationSupportsIndirectInputEvents = YES;
				INFOPLIST_KEY_UILaunchScreen_Generation = YES;
				INFOPLIST_KEY_UISupportedInterfaceOrientations_iPad = "UIInterfaceOrientationPortrait UIInterfaceOrientationPortraitUpsideDown UIInterfaceOrientationLandscapeLeft UIInterfaceOrientationLandscapeRight";
				INFOPLIST_KEY_UISupportedInterfaceOrientations_iPhone = "UIInterfaceOrientationPortrait UIInterfaceOrientationLandscapeLeft UIInterfaceOrientationLandscapeRight";
				LD_RUNPATH_SEARCH_PATHS = (
					"$(inherited)",
					"@executable_path/Frameworks",
				);
				MARKETING_VERSION = 1.0;
				PRODUCT_BUNDLE_IDENTIFIER = noidentifier.SupplementMe;
				PRODUCT_NAME = "$(TARGET_NAME)";
				SWIFT_EMIT_LOC_STRINGS = YES;
				SWIFT_VERSION = 5.0;
				TARGETED_DEVICE_FAMILY = "1,2";
			};
			name = Release;
		};
		E804CA7C2CE6E44800C3771A /* Debug */ = {
			isa = XCBuildConfiguration;
			buildSettings = {
				BUNDLE_LOADER = "$(TEST_HOST)";
				CODE_SIGN_STYLE = Automatic;
				CURRENT_PROJECT_VERSION = 1;
				GENERATE_INFOPLIST_FILE = YES;
				IPHONEOS_DEPLOYMENT_TARGET = 18.0;
				MARKETING_VERSION = 1.0;
				PRODUCT_BUNDLE_IDENTIFIER = noidentifier.SupplementMeTests;
				PRODUCT_NAME = "$(TARGET_NAME)";
				SWIFT_EMIT_LOC_STRINGS = NO;
				SWIFT_VERSION = 5.0;
				TARGETED_DEVICE_FAMILY = "1,2";
				TEST_HOST = "$(BUILT_PRODUCTS_DIR)/SupplementMe.app/$(BUNDLE_EXECUTABLE_FOLDER_PATH)/SupplementMe";
			};
			name = Debug;
		};
		E804CA7D2CE6E44800C3771A /* Release */ = {
			isa = XCBuildConfiguration;
			buildSettings = {
				BUNDLE_LOADER = "$(TEST_HOST)";
				CODE_SIGN_STYLE = Automatic;
				CURRENT_PROJECT_VERSION = 1;
				GENERATE_INFOPLIST_FILE = YES;
				IPHONEOS_DEPLOYMENT_TARGET = 18.0;
				MARKETING_VERSION = 1.0;
				PRODUCT_BUNDLE_IDENTIFIER = noidentifier.SupplementMeTests;
				PRODUCT_NAME = "$(TARGET_NAME)";
				SWIFT_EMIT_LOC_STRINGS = NO;
				SWIFT_VERSION = 5.0;
				TARGETED_DEVICE_FAMILY = "1,2";
				TEST_HOST = "$(BUILT_PRODUCTS_DIR)/SupplementMe.app/$(BUNDLE_EXECUTABLE_FOLDER_PATH)/SupplementMe";
			};
			name = Release;
		};
		E804CA7F2CE6E44800C3771A /* Debug */ = {
			isa = XCBuildConfiguration;
			buildSettings = {
				CODE_SIGN_STYLE = Automatic;
				CURRENT_PROJECT_VERSION = 1;
				GENERATE_INFOPLIST_FILE = YES;
				MARKETING_VERSION = 1.0;
				PRODUCT_BUNDLE_IDENTIFIER = noidentifier.SupplementMeUITests;
				PRODUCT_NAME = "$(TARGET_NAME)";
				SWIFT_EMIT_LOC_STRINGS = NO;
				SWIFT_VERSION = 5.0;
				TARGETED_DEVICE_FAMILY = "1,2";
				TEST_TARGET_NAME = SupplementMe;
			};
			name = Debug;
		};
		E804CA802CE6E44800C3771A /* Release */ = {
			isa = XCBuildConfiguration;
			buildSettings = {
				CODE_SIGN_STYLE = Automatic;
				CURRENT_PROJECT_VERSION = 1;
				GENERATE_INFOPLIST_FILE = YES;
				MARKETING_VERSION = 1.0;
				PRODUCT_BUNDLE_IDENTIFIER = noidentifier.SupplementMeUITests;
				PRODUCT_NAME = "$(TARGET_NAME)";
				SWIFT_EMIT_LOC_STRINGS = NO;
				SWIFT_VERSION = 5.0;
				TARGETED_DEVICE_FAMILY = "1,2";
				TEST_TARGET_NAME = SupplementMe;
			};
			name = Release;
		};
/* End XCBuildConfiguration section */

/* Begin XCConfigurationList section */
		E804CA4F2CE6E44700C3771A /* Build configuration list for PBXProject "SupplementMe" */ = {
			isa = XCConfigurationList;
			buildConfigurations = (
				E804CA762CE6E44800C3771A /* Debug */,
				E804CA772CE6E44800C3771A /* Release */,
			);
			defaultConfigurationIsVisible = 0;
			defaultConfigurationName = Release;
		};
		E804CA782CE6E44800C3771A /* Build configuration list for PBXNativeTarget "SupplementMe" */ = {
			isa = XCConfigurationList;
			buildConfigurations = (
				E804CA792CE6E44800C3771A /* Debug */,
				E804CA7A2CE6E44800C3771A /* Release */,
			);
			defaultConfigurationIsVisible = 0;
			defaultConfigurationName = Release;
		};
		E804CA7B2CE6E44800C3771A /* Build configuration list for PBXNativeTarget "SupplementMeTests" */ = {
			isa = XCConfigurationList;
			buildConfigurations = (
				E804CA7C2CE6E44800C3771A /* Debug */,
				E804CA7D2CE6E44800C3771A /* Release */,
			);
			defaultConfigurationIsVisible = 0;
			defaultConfigurationName = Release;
		};
		E804CA7E2CE6E44800C3771A /* Build configuration list for PBXNativeTarget "SupplementMeUITests" */ = {
			isa = XCConfigurationList;
			buildConfigurations = (
				E804CA7F2CE6E44800C3771A /* Debug */,
				E804CA802CE6E44800C3771A /* Release */,
			);
			defaultConfigurationIsVisible = 0;
			defaultConfigurationName = Release;
		};
/* End XCConfigurationList section */
	};
	rootObject = E804CA4C2CE6E44700C3771A /* Project object */;
}
